
Microsoft Visual Studio Solution File, Format Version 12.00
# Visual Studio Version 17
VisualStudioVersion = 17.4.33110.190
MinimumVisualStudioVersion = 10.0.40219.1
Project("{FAE04EC0-301F-11D3-BF4B-00C04F79EFBC}") = "Prueba_Tecnica", "Prueba_Tecnica.csproj", "{70C75883-6E62-410F-B1E5-5842EBC6FC9C}"
EndProject
Project("{FAE04EC0-301F-11D3-BF4B-00C04F79EFBC}") = "Prueba_Tecnica.Model", "..\Prueba_Tecnica.Model\Prueba_Tecnica.Model.csproj", "{7EF4438A-9B13-41CD-A53F-6B18A12A68D2}"
EndProject
Project("{FAE04EC0-301F-11D3-BF4B-00C04F79EFBC}") = "Prueba_Tecnica.Data", "..\Prueba_Tecnica.Data\Prueba_Tecnica.Data.csproj", "{154E5456-263E-45A8-9669-F43DE216F620}"
EndProject
Global
	GlobalSection(SolutionConfigurationPlatforms) = preSolution
		Debug|Any CPU = Debug|Any CPU
		Release|Any CPU = Release|Any CPU
	EndGlobalSection
	GlobalSection(ProjectConfigurationPlatforms) = postSolution
		{70C75883-6E62-410F-B1E5-5842EBC6FC9C}.Debug|Any CPU.ActiveCfg = Debug|Any CPU
		{70C75883-6E62-410F-B1E5-5842EBC6FC9C}.Debug|Any CPU.Build.0 = Debug|Any CPU
		{70C75883-6E62-410F-B1E5-5842EBC6FC9C}.Release|Any CPU.ActiveCfg = Release|Any CPU
		{70C75883-6E62-410F-B1E5-5842EBC6FC9C}.Release|Any CPU.Build.0 = Release|Any CPU
		{7EF4438A-9B13-41CD-A53F-6B18A12A68D2}.Debug|Any CPU.ActiveCfg = Debug|Any CPU
		{7EF4438A-9B13-41CD-A53F-6B18A12A68D2}.Debug|Any CPU.Build.0 = Debug|Any CPU
		{7EF4438A-9B13-41CD-A53F-6B18A12A68D2}.Release|Any CPU.ActiveCfg = Release|Any CPU
		{7EF4438A-9B13-41CD-A53F-6B18A12A68D2}.Release|Any CPU.Build.0 = Release|Any CPU
		{154E5456-263E-45A8-9669-F43DE216F620}.Debug|Any CPU.ActiveCfg = Debug|Any CPU
		{154E5456-263E-45A8-9669-F43DE216F620}.Debug|Any CPU.Build.0 = Debug|Any CPU
		{154E5456-263E-45A8-9669-F43DE216F620}.Release|Any CPU.ActiveCfg = Release|Any CPU
		{154E5456-263E-45A8-9669-F43DE216F620}.Release|Any CPU.Build.0 = Release|Any CPU
	EndGlobalSection
	GlobalSection(SolutionProperties) = preSolution
		HideSolutionNode = FALSE
	EndGlobalSection
	GlobalSection(ExtensibilityGlobals) = postSolution
		SolutionGuid = {88AED3A0-E624-4682-AA0B-AF9CCEB714FD}
	EndGlobalSection
EndGlobal
